
Microsoft Visual Studio Solution File, Format Version 12.00
# Visual Studio 15
VisualStudioVersion = 15.0.27428.2015
MinimumVisualStudioVersion = 10.0.40219.1
Project("{FAE04EC0-301F-11D3-BF4B-00C04F79EFBC}") = "CopyMate_V.01", "CopyMate_V.01\CopyMate_V.01.csproj", "{FEAD9CEC-F0CB-4210-8DE1-90883760B23C}"
EndProject
Global
	GlobalSection(SolutionConfigurationPlatforms) = preSolution
		Debug|Any CPU = Debug|Any CPU
		Release|Any CPU = Release|Any CPU
	EndGlobalSection
	GlobalSection(ProjectConfigurationPlatforms) = postSolution
		{FEAD9CEC-F0CB-4210-8DE1-90883760B23C}.Debug|Any CPU.ActiveCfg = Debug|Any CPU
		{FEAD9CEC-F0CB-4210-8DE1-90883760B23C}.Debug|Any CPU.Build.0 = Debug|Any CPU
		{FEAD9CEC-F0CB-4210-8DE1-90883760B23C}.Release|Any CPU.ActiveCfg = Release|Any CPU
		{FEAD9CEC-F0CB-4210-8DE1-90883760B23C}.Release|Any CPU.Build.0 = Release|Any CPU
	EndGlobalSection
	GlobalSection(SolutionProperties) = preSolution
		HideSolutionNode = FALSE
	EndGlobalSection
	GlobalSection(ExtensibilityGlobals) = postSolution
		SolutionGuid = {3A842713-0AB4-435F-B88C-5FCE67D2ABB9}
	EndGlobalSection
EndGlobal
